
Microsoft Visual Studio Solution File, Format Version 12.00
# Visual Studio Version 17
VisualStudioVersion = 17.4.33122.133
MinimumVisualStudioVersion = 10.0.40219.1
Project("{FAE04EC0-301F-11D3-BF4B-00C04F79EFBC}") = "Singleton", "Singleton.csproj", "{51B26105-CE9C-4563-8025-CA1DA9795083}"
EndProject
Global
	GlobalSection(SolutionConfigurationPlatforms) = preSolution
		Debug|Any CPU = Debug|Any CPU
		Release|Any CPU = Release|Any CPU
	EndGlobalSection
	GlobalSection(ProjectConfigurationPlatforms) = postSolution
		{51B26105-CE9C-4563-8025-CA1DA9795083}.Debug|Any CPU.ActiveCfg = Debug|Any CPU
		{51B26105-CE9C-4563-8025-CA1DA9795083}.Debug|Any CPU.Build.0 = Debug|Any CPU
		{51B26105-CE9C-4563-8025-CA1DA9795083}.Release|Any CPU.ActiveCfg = Release|Any CPU
		{51B26105-CE9C-4563-8025-CA1DA9795083}.Release|Any CPU.Build.0 = Release|Any CPU
	EndGlobalSection
	GlobalSection(SolutionProperties) = preSolution
		HideSolutionNode = FALSE
	EndGlobalSection
	GlobalSection(ExtensibilityGlobals) = postSolution
		SolutionGuid = {A6D25383-502D-4007-B644-95E35D158C29}
	EndGlobalSection
EndGlobal
