
Microsoft Visual Studio Solution File, Format Version 12.00
# Visual Studio Version 17
VisualStudioVersion = 17.4.33213.308
MinimumVisualStudioVersion = 10.0.40219.1
Project("{9A19103F-16F7-4668-BE54-9A1E7A4F7556}") = "AbstractFactory", "AbstractFactory.csproj", "{89C07C31-42B7-40DF-BDFD-562171721A90}"
EndProject
Global
	GlobalSection(SolutionConfigurationPlatforms) = preSolution
		Debug|Any CPU = Debug|Any CPU
		Release|Any CPU = Release|Any CPU
	EndGlobalSection
	GlobalSection(ProjectConfigurationPlatforms) = postSolution
		{89C07C31-42B7-40DF-BDFD-562171721A90}.Debug|Any CPU.ActiveCfg = Debug|Any CPU
		{89C07C31-42B7-40DF-BDFD-562171721A90}.Debug|Any CPU.Build.0 = Debug|Any CPU
		{89C07C31-42B7-40DF-BDFD-562171721A90}.Release|Any CPU.ActiveCfg = Release|Any CPU
		{89C07C31-42B7-40DF-BDFD-562171721A90}.Release|Any CPU.Build.0 = Release|Any CPU
	EndGlobalSection
	GlobalSection(SolutionProperties) = preSolution
		HideSolutionNode = FALSE
	EndGlobalSection
	GlobalSection(ExtensibilityGlobals) = postSolution
		SolutionGuid = {2A503DCA-1520-4207-A2C0-D7B0AAC7FEAB}
	EndGlobalSection
EndGlobal
